// !$*UTF8*$!
{
	archiveVersion = 1;
	classes = {
	};
	objectVersion = 56;
	objects = {

/* Begin PBXBuildFile section */
		3D2063CDFEFA423DA84AF9B6 /* AppConfig.swift in Sources */ = {isa = PBXBuildFile; fileRef = 5A60D72A0EB74CEDA5E3FAF7 /* AppConfig.swift */; };
		B2F2B2F738674FD182A6FE03 /* AppState.swift in Sources */ = {isa = PBXBuildFile; fileRef = 757C089C191847278C312858 /* AppState.swift */; };
		6FFB9C35AC3C4643B4DF8D22 /* ChatMessage.swift in Sources */ = {isa = PBXBuildFile; fileRef = 79A6DBA82DC3467CAD1D5E15 /* ChatMessage.swift */; };
		C70E21336ECE4010B9E546C0 /* Command.swift in Sources */ = {isa = PBXBuildFile; fileRef = 72463CC8DC354DD480EFA399 /* Command.swift */; };
		C13F3B6BD02D48ADBF6BDB69 /* Conversation.swift in Sources */ = {isa = PBXBuildFile; fileRef = 106ABEA3FE9D4DDCA4B954CF /* Conversation.swift */; };
		FCB398CAC8104964964891F7 /* EditorTab.swift in Sources */ = {isa = PBXBuildFile; fileRef = 62E58A7A12D04E8F818C446B /* EditorTab.swift */; };
		21ABE0A5A7D040A49F42FE76 /* FileItem.swift in Sources */ = {isa = PBXBuildFile; fileRef = F72B652C771145B7977DB09A /* FileItem.swift */; };
		6E15B8FE9F7547AC8D86DE08 /* GitStatus.swift in Sources */ = {isa = PBXBuildFile; fileRef = 0BE337B6C35C4114B6A54621 /* GitStatus.swift */; };
		6EA2F5A82075403D89B389ED /* Project.swift in Sources */ = {isa = PBXBuildFile; fileRef = 81CC1DAC4CB742198A364614 /* Project.swift */; };
		3F2C9076CFBD432B99772BCC /* SearchResult.swift in Sources */ = {isa = PBXBuildFile; fileRef = 2ED909421042460F80FAF493 /* SearchResult.swift */; };
		0891FF360BA54EE795185901 /* User.swift in Sources */ = {isa = PBXBuildFile; fileRef = 20526929FE3E4004AB150179 /* User.swift */; };
		B97427F6D5364EE8B17AA79B /* AuthenticationService.swift in Sources */ = {isa = PBXBuildFile; fileRef = 30A124F7B29A49DBB99FE4D7 /* AuthenticationService.swift */; };
		CE1504B6CCB14B59846E50F4 /* CodeCompletionService.swift in Sources */ = {isa = PBXBuildFile; fileRef = D3ABB6D1DB36496D934F708B /* CodeCompletionService.swift */; };
		38ECCA82C6C849D0979E3C08 /* FileSystemService.swift in Sources */ = {isa = PBXBuildFile; fileRef = F0F24F12FF8843879718499C /* FileSystemService.swift */; };
		1BA71793B2F84C33B6C5EDDF /* GitService.swift in Sources */ = {isa = PBXBuildFile; fileRef = 7D3928C5BAB44485B32EA5F4 /* GitService.swift */; };
		76790E46214C4DD4BED27354 /* NetworkService.swift in Sources */ = {isa = PBXBuildFile; fileRef = 4DBAE49BCE644182AD103BAA /* NetworkService.swift */; };
		41C5180050DC44309B61CBEE /* SearchService.swift in Sources */ = {isa = PBXBuildFile; fileRef = ED36CF8C81FC4430B93D0373 /* SearchService.swift */; };
		850D8C14A34744ED9E5E1FF2 /* StorageService.swift in Sources */ = {isa = PBXBuildFile; fileRef = 421A11B3A9E043E68A988860 /* StorageService.swift */; };
		33EC88F680B5489A91E55FF0 /* TruAiService.swift in Sources */ = {isa = PBXBuildFile; fileRef = 7F89DAB44AA644C6BA954C3B /* TruAiService.swift */; };
		95BD00F9578B45A7AF1BD94D /* TruAiApp.swift in Sources */ = {isa = PBXBuildFile; fileRef = C70B14BD8B1F45469CD0C3CC /* TruAiApp.swift */; };
		5E66E6312E7B44AFB49D8CC2 /* TruAiMacApp.swift in Sources */ = {isa = PBXBuildFile; fileRef = 1E55D20EF733429B915BB900 /* TruAiMacApp.swift */; };
		AF4BCFEC760C44D88921B928 /* Extensions.swift in Sources */ = {isa = PBXBuildFile; fileRef = 1E90F6CA773C41BE86E04848 /* Extensions.swift */; };
		9904FE130BA84178A2203B2E /* ChatViewModel.swift in Sources */ = {isa = PBXBuildFile; fileRef = 80454E3D46764A21B33C46D2 /* ChatViewModel.swift */; };
		5CF592052AFB48199285AF82 /* CodeEditorViewModel.swift in Sources */ = {isa = PBXBuildFile; fileRef = AB525CE8966A4FD3A2124DDB /* CodeEditorViewModel.swift */; };
		A5A2DEDD0CE84B97993E7E35 /* CommandPaletteViewModel.swift in Sources */ = {isa = PBXBuildFile; fileRef = EE7D0C85A30745A58DDF5894 /* CommandPaletteViewModel.swift */; };
		50C051F7D7CB44308F7241E5 /* FileExplorerViewModel.swift in Sources */ = {isa = PBXBuildFile; fileRef = 6E526869506C432D9315578D /* FileExplorerViewModel.swift */; };
		117AE758F9FA40C5B0015C70 /* GitViewModel.swift in Sources */ = {isa = PBXBuildFile; fileRef = C5B0518535C94BA08AC414C6 /* GitViewModel.swift */; };
		86F2D316FF224F62A2E97ED2 /* SearchViewModel.swift in Sources */ = {isa = PBXBuildFile; fileRef = E279CC24C56D457299D79F39 /* SearchViewModel.swift */; };
		056F46FE200541F7A43C9619 /* ActivityBarView.swift in Sources */ = {isa = PBXBuildFile; fileRef = 4E8A2A80558F4B96BC7BA020 /* ActivityBarView.swift */; };
		7CD3FBB70161445A98992ED1 /* ChatView.swift in Sources */ = {isa = PBXBuildFile; fileRef = 172F5EB882764984ABF93DCE /* ChatView.swift */; };
		DEDA2E3BEC064EF684772DE4 /* CodeEditorView.swift in Sources */ = {isa = PBXBuildFile; fileRef = C6557C02957346E4B2011A94 /* CodeEditorView.swift */; };
		0141C8A8205E4C6CB18080E7 /* CommandPaletteView.swift in Sources */ = {isa = PBXBuildFile; fileRef = 317FA9095D5847B7BF4F9406 /* CommandPaletteView.swift */; };
		A95E53D625584395997BB37A /* ContentView.swift in Sources */ = {isa = PBXBuildFile; fileRef = 8CB5B0214C9E443B997BB52A /* ContentView.swift */; };
		22DE4563ABEE4FF6A38B9A1F /* FileExplorerView.swift in Sources */ = {isa = PBXBuildFile; fileRef = 66C35D2A0DFE4169BE4DA154 /* FileExplorerView.swift */; };
		18BD029114A34FE682FF2F53 /* GitPanelView.swift in Sources */ = {isa = PBXBuildFile; fileRef = 153A9FAE7FBD4FEB9D0B8479 /* GitPanelView.swift */; };
		B7E9624392134473B3FB355B /* HistoryView.swift in Sources */ = {isa = PBXBuildFile; fileRef = 562C62C65FA54548BDD44127 /* HistoryView.swift */; };
		84E34FAC987F44588AC0A8B0 /* IDELayoutView.swift in Sources */ = {isa = PBXBuildFile; fileRef = C5E9BFB924D240538250935F /* IDELayoutView.swift */; };
		BE0E5F8B9D9941A49BE7E9C0 /* LoginView.swift in Sources */ = {isa = PBXBuildFile; fileRef = C1A164F1253143479935B75E /* LoginView.swift */; };
		9CCF03BB416A401C8E1F7F73 /* SearchPanelView.swift in Sources */ = {isa = PBXBuildFile; fileRef = 92817BA449CD4FA3814E2E63 /* SearchPanelView.swift */; };
		6425861143144B40BC14909E /* SettingsView.swift in Sources */ = {isa = PBXBuildFile; fileRef = F1B1DB38041F4A2B92769712 /* SettingsView.swift */; };
		42DE5AD224174FB298C3E5C2 /* StatusBarView.swift in Sources */ = {isa = PBXBuildFile; fileRef = 07C7A362506542948841AA0B /* StatusBarView.swift */; };
		4DF20F2A9E2340B1BD2F908C /* TerminalView.swift in Sources */ = {isa = PBXBuildFile; fileRef = 5358F8C680D34FFF95A78CB4 /* TerminalView.swift */; };
		A1D68CD8E2B743569EF886F5 /* Info.plist in Resources */ = {isa = PBXBuildFile; fileRef = B57CF504C9344BD7BAC78077 /* Info.plist */; };
		B2C3D4E5F6A7B8C9D0E1F2A3 /* Assets.xcassets in Resources */ = {isa = PBXBuildFile; fileRef = A8B9C7D8E9F0A1B2C3D4E5F6 /* Assets.xcassets */; };
/* End PBXBuildFile section */

/* Begin PBXFileReference section */
		5A60D72A0EB74CEDA5E3FAF7 /* AppConfig.swift */ = {isa = PBXFileReference; lastKnownFileType = sourcecode.swift; path = "Configuration/AppConfig.swift"; sourceTree = "<group>"; };
		757C089C191847278C312858 /* AppState.swift */ = {isa = PBXFileReference; lastKnownFileType = sourcecode.swift; path = "Models/AppState.swift"; sourceTree = "<group>"; };
		79A6DBA82DC3467CAD1D5E15 /* ChatMessage.swift */ = {isa = PBXFileReference; lastKnownFileType = sourcecode.swift; path = "Models/ChatMessage.swift"; sourceTree = "<group>"; };
		72463CC8DC354DD480EFA399 /* Command.swift */ = {isa = PBXFileReference; lastKnownFileType = sourcecode.swift; path = "Models/Command.swift"; sourceTree = "<group>"; };
		106ABEA3FE9D4DDCA4B954CF /* Conversation.swift */ = {isa = PBXFileReference; lastKnownFileType = sourcecode.swift; path = "Models/Conversation.swift"; sourceTree = "<group>"; };
		62E58A7A12D04E8F818C446B /* EditorTab.swift */ = {isa = PBXFileReference; lastKnownFileType = sourcecode.swift; path = "Models/EditorTab.swift"; sourceTree = "<group>"; };
		F72B652C771145B7977DB09A /* FileItem.swift */ = {isa = PBXFileReference; lastKnownFileType = sourcecode.swift; path = "Models/FileItem.swift"; sourceTree = "<group>"; };
		0BE337B6C35C4114B6A54621 /* GitStatus.swift */ = {isa = PBXFileReference; lastKnownFileType = sourcecode.swift; path = "Models/GitStatus.swift"; sourceTree = "<group>"; };
		81CC1DAC4CB742198A364614 /* Project.swift */ = {isa = PBXFileReference; lastKnownFileType = sourcecode.swift; path = "Models/Project.swift"; sourceTree = "<group>"; };
		2ED909421042460F80FAF493 /* SearchResult.swift */ = {isa = PBXFileReference; lastKnownFileType = sourcecode.swift; path = "Models/SearchResult.swift"; sourceTree = "<group>"; };
		20526929FE3E4004AB150179 /* User.swift */ = {isa = PBXFileReference; lastKnownFileType = sourcecode.swift; path = "Models/User.swift"; sourceTree = "<group>"; };
		30A124F7B29A49DBB99FE4D7 /* AuthenticationService.swift */ = {isa = PBXFileReference; lastKnownFileType = sourcecode.swift; path = "Services/AuthenticationService.swift"; sourceTree = "<group>"; };
		D3ABB6D1DB36496D934F708B /* CodeCompletionService.swift */ = {isa = PBXFileReference; lastKnownFileType = sourcecode.swift; path = "Services/CodeCompletionService.swift"; sourceTree = "<group>"; };
		F0F24F12FF8843879718499C /* FileSystemService.swift */ = {isa = PBXFileReference; lastKnownFileType = sourcecode.swift; path = "Services/FileSystemService.swift"; sourceTree = "<group>"; };
		7D3928C5BAB44485B32EA5F4 /* GitService.swift */ = {isa = PBXFileReference; lastKnownFileType = sourcecode.swift; path = "Services/GitService.swift"; sourceTree = "<group>"; };
		4DBAE49BCE644182AD103BAA /* NetworkService.swift */ = {isa = PBXFileReference; lastKnownFileType = sourcecode.swift; path = "Services/NetworkService.swift"; sourceTree = "<group>"; };
		ED36CF8C81FC4430B93D0373 /* SearchService.swift */ = {isa = PBXFileReference; lastKnownFileType = sourcecode.swift; path = "Services/SearchService.swift"; sourceTree = "<group>"; };
		421A11B3A9E043E68A988860 /* StorageService.swift */ = {isa = PBXFileReference; lastKnownFileType = sourcecode.swift; path = "Services/StorageService.swift"; sourceTree = "<group>"; };
		7F89DAB44AA644C6BA954C3B /* TruAiService.swift */ = {isa = PBXFileReference; lastKnownFileType = sourcecode.swift; path = "Services/TruAiService.swift"; sourceTree = "<group>"; };
		C70B14BD8B1F45469CD0C3CC /* TruAiApp.swift */ = {isa = PBXFileReference; lastKnownFileType = sourcecode.swift; path = "TruAiApp.swift"; sourceTree = "<group>"; };
		1E55D20EF733429B915BB900 /* TruAiMacApp.swift */ = {isa = PBXFileReference; lastKnownFileType = sourcecode.swift; path = "TruAiMacApp.swift"; sourceTree = "<group>"; };
		1E90F6CA773C41BE86E04848 /* Extensions.swift */ = {isa = PBXFileReference; lastKnownFileType = sourcecode.swift; path = "Utilities/Extensions.swift"; sourceTree = "<group>"; };
		80454E3D46764A21B33C46D2 /* ChatViewModel.swift */ = {isa = PBXFileReference; lastKnownFileType = sourcecode.swift; path = "ViewModels/ChatViewModel.swift"; sourceTree = "<group>"; };
		AB525CE8966A4FD3A2124DDB /* CodeEditorViewModel.swift */ = {isa = PBXFileReference; lastKnownFileType = sourcecode.swift; path = "ViewModels/CodeEditorViewModel.swift"; sourceTree = "<group>"; };
		EE7D0C85A30745A58DDF5894 /* CommandPaletteViewModel.swift */ = {isa = PBXFileReference; lastKnownFileType = sourcecode.swift; path = "ViewModels/CommandPaletteViewModel.swift"; sourceTree = "<group>"; };
		6E526869506C432D9315578D /* FileExplorerViewModel.swift */ = {isa = PBXFileReference; lastKnownFileType = sourcecode.swift; path = "ViewModels/FileExplorerViewModel.swift"; sourceTree = "<group>"; };
		C5B0518535C94BA08AC414C6 /* GitViewModel.swift */ = {isa = PBXFileReference; lastKnownFileType = sourcecode.swift; path = "ViewModels/GitViewModel.swift"; sourceTree = "<group>"; };
		E279CC24C56D457299D79F39 /* SearchViewModel.swift */ = {isa = PBXFileReference; lastKnownFileType = sourcecode.swift; path = "ViewModels/SearchViewModel.swift"; sourceTree = "<group>"; };
		4E8A2A80558F4B96BC7BA020 /* ActivityBarView.swift */ = {isa = PBXFileReference; lastKnownFileType = sourcecode.swift; path = "Views/ActivityBarView.swift"; sourceTree = "<group>"; };
		172F5EB882764984ABF93DCE /* ChatView.swift */ = {isa = PBXFileReference; lastKnownFileType = sourcecode.swift; path = "Views/ChatView.swift"; sourceTree = "<group>"; };
		C6557C02957346E4B2011A94 /* CodeEditorView.swift */ = {isa = PBXFileReference; lastKnownFileType = sourcecode.swift; path = "Views/CodeEditorView.swift"; sourceTree = "<group>"; };
		317FA9095D5847B7BF4F9406 /* CommandPaletteView.swift */ = {isa = PBXFileReference; lastKnownFileType = sourcecode.swift; path = "Views/CommandPaletteView.swift"; sourceTree = "<group>"; };
		8CB5B0214C9E443B997BB52A /* ContentView.swift */ = {isa = PBXFileReference; lastKnownFileType = sourcecode.swift; path = "Views/ContentView.swift"; sourceTree = "<group>"; };
		66C35D2A0DFE4169BE4DA154 /* FileExplorerView.swift */ = {isa = PBXFileReference; lastKnownFileType = sourcecode.swift; path = "Views/FileExplorerView.swift"; sourceTree = "<group>"; };
		153A9FAE7FBD4FEB9D0B8479 /* GitPanelView.swift */ = {isa = PBXFileReference; lastKnownFileType = sourcecode.swift; path = "Views/GitPanelView.swift"; sourceTree = "<group>"; };
		562C62C65FA54548BDD44127 /* HistoryView.swift */ = {isa = PBXFileReference; lastKnownFileType = sourcecode.swift; path = "Views/HistoryView.swift"; sourceTree = "<group>"; };
		C5E9BFB924D240538250935F /* IDELayoutView.swift */ = {isa = PBXFileReference; lastKnownFileType = sourcecode.swift; path = "Views/IDELayoutView.swift"; sourceTree = "<group>"; };
		C1A164F1253143479935B75E /* LoginView.swift */ = {isa = PBXFileReference; lastKnownFileType = sourcecode.swift; path = "Views/LoginView.swift"; sourceTree = "<group>"; };
		92817BA449CD4FA3814E2E63 /* SearchPanelView.swift */ = {isa = PBXFileReference; lastKnownFileType = sourcecode.swift; path = "Views/SearchPanelView.swift"; sourceTree = "<group>"; };
		F1B1DB38041F4A2B92769712 /* SettingsView.swift */ = {isa = PBXFileReference; lastKnownFileType = sourcecode.swift; path = "Views/SettingsView.swift"; sourceTree = "<group>"; };
		07C7A362506542948841AA0B /* StatusBarView.swift */ = {isa = PBXFileReference; lastKnownFileType = sourcecode.swift; path = "Views/StatusBarView.swift"; sourceTree = "<group>"; };
		5358F8C680D34FFF95A78CB4 /* TerminalView.swift */ = {isa = PBXFileReference; lastKnownFileType = sourcecode.swift; path = "Views/TerminalView.swift"; sourceTree = "<group>"; };
		B57CF504C9344BD7BAC78077 /* Info.plist */ = {isa = PBXFileReference; lastKnownFileType = text.plist.xml; path = Info.plist; sourceTree = "<group>"; };
		35FB6FE4997D412E95117334 /* TruAi.app */ = {isa = PBXFileReference; explicitFileType = wrapper.application; includeInIndex = 0; path = "TruAi.app"; sourceTree = BUILT_PRODUCTS_DIR; };
/* End PBXFileReference section */

/* Begin PBXFrameworksBuildPhase section */
		507F24D257D3491DAD21D3A8 /* Frameworks */ = {
			isa = PBXFrameworksBuildPhase;
			buildActionMask = 2147483647;
			files = (
			);
			runOnlyForDeploymentPostprocessing = 0;
		};
/* End PBXFrameworksBuildPhase section */

/* Begin PBXGroup section */
		2C3F2D65866E403B9FD4E59F = {
			isa = PBXGroup;
			children = (
				FA4FF377AFBB4471A538FECA /* TruAi */,
				0549532C275F4979A2F18ED6 /* Products */,
			);
			sourceTree = "<group>";
		};
		FA4FF377AFBB4471A538FECA /* TruAi */ = {
			isa = PBXGroup;
			children = (
				C70B14BD8B1F45469CD0C3CC /* TruAiApp.swift */,
				1E55D20EF733429B915BB900 /* TruAiMacApp.swift */,
				17218CB2083E4AD2BA679B83 /* Models */,
				1F016B1340A94E3689A32EAC /* Views */,
				0C97212D04EF47CF98B3CE5F /* ViewModels */,
				BD6CCCC40DD64002919C373E /* Services */,
				973DC658FEBC4EAC864A570A /* Configuration */,
				94886C0434204BC89A4A830B /* Utilities */,
				A8B9C7D8E9F0A1B2C3D4E5F6 /* Assets.xcassets */,
				B57CF504C9344BD7BAC78077 /* Info.plist */,
			);
			sourceTree = "<group>";
		};
		17218CB2083E4AD2BA679B83 /* Models */ = {
			isa = PBXGroup;
			children = (
				757C089C191847278C312858 /* AppState.swift */,
				79A6DBA82DC3467CAD1D5E15 /* ChatMessage.swift */,
				72463CC8DC354DD480EFA399 /* Command.swift */,
				106ABEA3FE9D4DDCA4B954CF /* Conversation.swift */,
				62E58A7A12D04E8F818C446B /* EditorTab.swift */,
				F72B652C771145B7977DB09A /* FileItem.swift */,
				0BE337B6C35C4114B6A54621 /* GitStatus.swift */,
				81CC1DAC4CB742198A364614 /* Project.swift */,
				2ED909421042460F80FAF493 /* SearchResult.swift */,
				20526929FE3E4004AB150179 /* User.swift */,
				80454E3D46764A21B33C46D2 /* ChatViewModel.swift */,
				AB525CE8966A4FD3A2124DDB /* CodeEditorViewModel.swift */,
				EE7D0C85A30745A58DDF5894 /* CommandPaletteViewModel.swift */,
				6E526869506C432D9315578D /* FileExplorerViewModel.swift */,
				C5B0518535C94BA08AC414C6 /* GitViewModel.swift */,
				E279CC24C56D457299D79F39 /* SearchViewModel.swift */,
			);
			path = Models;
			sourceTree = "<group>";
		};
		1F016B1340A94E3689A32EAC /* Views */ = {
			isa = PBXGroup;
			children = (
				4E8A2A80558F4B96BC7BA020 /* ActivityBarView.swift */,
				172F5EB882764984ABF93DCE /* ChatView.swift */,
				C6557C02957346E4B2011A94 /* CodeEditorView.swift */,
				317FA9095D5847B7BF4F9406 /* CommandPaletteView.swift */,
				8CB5B0214C9E443B997BB52A /* ContentView.swift */,
				66C35D2A0DFE4169BE4DA154 /* FileExplorerView.swift */,
				153A9FAE7FBD4FEB9D0B8479 /* GitPanelView.swift */,
				562C62C65FA54548BDD44127 /* HistoryView.swift */,
				C5E9BFB924D240538250935F /* IDELayoutView.swift */,
				C1A164F1253143479935B75E /* LoginView.swift */,
				92817BA449CD4FA3814E2E63 /* SearchPanelView.swift */,
				F1B1DB38041F4A2B92769712 /* SettingsView.swift */,
				07C7A362506542948841AA0B /* StatusBarView.swift */,
				5358F8C680D34FFF95A78CB4 /* TerminalView.swift */,
			);
			path = Views;
			sourceTree = "<group>";
		};
		0C97212D04EF47CF98B3CE5F /* ViewModels */ = {
			isa = PBXGroup;
			children = (
				80454E3D46764A21B33C46D2 /* ChatViewModel.swift */,
				AB525CE8966A4FD3A2124DDB /* CodeEditorViewModel.swift */,
				EE7D0C85A30745A58DDF5894 /* CommandPaletteViewModel.swift */,
				6E526869506C432D9315578D /* FileExplorerViewModel.swift */,
				C5B0518535C94BA08AC414C6 /* GitViewModel.swift */,
				E279CC24C56D457299D79F39 /* SearchViewModel.swift */,
			);
			path = ViewModels;
			sourceTree = "<group>";
		};
		BD6CCCC40DD64002919C373E /* Services */ = {
			isa = PBXGroup;
			children = (
				30A124F7B29A49DBB99FE4D7 /* AuthenticationService.swift */,
				D3ABB6D1DB36496D934F708B /* CodeCompletionService.swift */,
				F0F24F12FF8843879718499C /* FileSystemService.swift */,
				7D3928C5BAB44485B32EA5F4 /* GitService.swift */,
				4DBAE49BCE644182AD103BAA /* NetworkService.swift */,
				ED36CF8C81FC4430B93D0373 /* SearchService.swift */,
				421A11B3A9E043E68A988860 /* StorageService.swift */,
				7F89DAB44AA644C6BA954C3B /* TruAiService.swift */,
			);
			path = Services;
			sourceTree = "<group>";
		};
		973DC658FEBC4EAC864A570A /* Configuration */ = {
			isa = PBXGroup;
			children = (
				5A60D72A0EB74CEDA5E3FAF7 /* AppConfig.swift */,
			);
			path = Configuration;
			sourceTree = "<group>";
		};
		94886C0434204BC89A4A830B /* Utilities */ = {
			isa = PBXGroup;
			children = (
				1E90F6CA773C41BE86E04848 /* Extensions.swift */,
			);
			path = Utilities;
			sourceTree = "<group>";
		};
		0549532C275F4979A2F18ED6 /* Products */ = {
			isa = PBXGroup;
			children = (
				35FB6FE4997D412E95117334 /* TruAi.app */,
			);
			name = Products;
			sourceTree = "<group>";
		};
/* End PBXGroup section */

/* Begin PBXNativeTarget section */
		F2EE9A54848947CAAD7AE152 /* TruAi */ = {
			isa = PBXNativeTarget;
			buildConfigurationList = FC11AFE6CA484725A124EF68 /* Build configuration list for PBXNativeTarget "TruAi" */;
			buildPhases = (
				C49D22A3BEAF4FBEBB9D02BF /* Sources */,
				507F24D257D3491DAD21D3A8 /* Frameworks */,
				3005D2E616E7442E849BC34C /* Resources */,
			);
			buildRules = (
			);
			dependencies = (
			);
			name = TruAi;
			productName = TruAi;
			productReference = 35FB6FE4997D412E95117334 /* TruAi.app */;
			productType = "com.apple.product-type.application";
		};
/* End PBXNativeTarget section */

/* Begin PBXProject section */
		C76143EB62D840058DDA42D6 /* Project object */ = {
			isa = PBXProject;
			attributes = {
				BuildIndependentTargetsInParallel = 1;
				LastSwiftUpdateCheck = 1500;
				LastUpgradeCheck = 1500;
			};
			buildConfigurationList = 45E350DE3F624D9E80C9CE2C /* Build configuration list for PBXProject "TruAi" */;
			compatibilityVersion = "Xcode 14.0";
			developmentRegion = en;
			hasScannedForEncodings = 0;
			knownRegions = (
				en,
				Base,
			);
			mainGroup = 2C3F2D65866E403B9FD4E59F;
			productRefGroup = 0549532C275F4979A2F18ED6 /* Products */;
			projectDirPath = "";
			projectRoot = "";
			targets = (
				F2EE9A54848947CAAD7AE152 /* TruAi */,
			);
		};
/* End PBXProject section */

/* Begin PBXResourcesBuildPhase section */
		3005D2E616E7442E849BC34C /* Resources */ = {
			isa = PBXResourcesBuildPhase;
			buildActionMask = 2147483647;
			files = (
				A1D68CD8E2B743569EF886F5 /* Info.plist in Resources */,
			);
			runOnlyForDeploymentPostprocessing = 0;
		};
/* End PBXResourcesBuildPhase section */

/* Begin PBXSourcesBuildPhase section */
		C49D22A3BEAF4FBEBB9D02BF /* Sources */ = {
			isa = PBXSourcesBuildPhase;
			buildActionMask = 2147483647;
			files = (
				3D2063CDFEFA423DA84AF9B6 /* AppConfig.swift in Sources */,
				B2F2B2F738674FD182A6FE03 /* AppState.swift in Sources */,
				6FFB9C35AC3C4643B4DF8D22 /* ChatMessage.swift in Sources */,
				C70E21336ECE4010B9E546C0 /* Command.swift in Sources */,
				C13F3B6BD02D48ADBF6BDB69 /* Conversation.swift in Sources */,
				FCB398CAC8104964964891F7 /* EditorTab.swift in Sources */,
				21ABE0A5A7D040A49F42FE76 /* FileItem.swift in Sources */,
				6E15B8FE9F7547AC8D86DE08 /* GitStatus.swift in Sources */,
				6EA2F5A82075403D89B389ED /* Project.swift in Sources */,
				3F2C9076CFBD432B99772BCC /* SearchResult.swift in Sources */,
				0891FF360BA54EE795185901 /* User.swift in Sources */,
				B97427F6D5364EE8B17AA79B /* AuthenticationService.swift in Sources */,
				CE1504B6CCB14B59846E50F4 /* CodeCompletionService.swift in Sources */,
				38ECCA82C6C849D0979E3C08 /* FileSystemService.swift in Sources */,
				1BA71793B2F84C33B6C5EDDF /* GitService.swift in Sources */,
				76790E46214C4DD4BED27354 /* NetworkService.swift in Sources */,
				41C5180050DC44309B61CBEE /* SearchService.swift in Sources */,
				850D8C14A34744ED9E5E1FF2 /* StorageService.swift in Sources */,
				33EC88F680B5489A91E55FF0 /* TruAiService.swift in Sources */,
				95BD00F9578B45A7AF1BD94D /* TruAiApp.swift in Sources */,
				5E66E6312E7B44AFB49D8CC2 /* TruAiMacApp.swift in Sources */,
				AF4BCFEC760C44D88921B928 /* Extensions.swift in Sources */,
				9904FE130BA84178A2203B2E /* ChatViewModel.swift in Sources */,
				5CF592052AFB48199285AF82 /* CodeEditorViewModel.swift in Sources */,
				A5A2DEDD0CE84B97993E7E35 /* CommandPaletteViewModel.swift in Sources */,
				50C051F7D7CB44308F7241E5 /* FileExplorerViewModel.swift in Sources */,
				117AE758F9FA40C5B0015C70 /* GitViewModel.swift in Sources */,
				86F2D316FF224F62A2E97ED2 /* SearchViewModel.swift in Sources */,
				056F46FE200541F7A43C9619 /* ActivityBarView.swift in Sources */,
				7CD3FBB70161445A98992ED1 /* ChatView.swift in Sources */,
				DEDA2E3BEC064EF684772DE4 /* CodeEditorView.swift in Sources */,
				0141C8A8205E4C6CB18080E7 /* CommandPaletteView.swift in Sources */,
				A95E53D625584395997BB37A /* ContentView.swift in Sources */,
				22DE4563ABEE4FF6A38B9A1F /* FileExplorerView.swift in Sources */,
				18BD029114A34FE682FF2F53 /* GitPanelView.swift in Sources */,
				B7E9624392134473B3FB355B /* HistoryView.swift in Sources */,
				84E34FAC987F44588AC0A8B0 /* IDELayoutView.swift in Sources */,
				BE0E5F8B9D9941A49BE7E9C0 /* LoginView.swift in Sources */,
				9CCF03BB416A401C8E1F7F73 /* SearchPanelView.swift in Sources */,
				6425861143144B40BC14909E /* SettingsView.swift in Sources */,
				42DE5AD224174FB298C3E5C2 /* StatusBarView.swift in Sources */,
				4DF20F2A9E2340B1BD2F908C /* TerminalView.swift in Sources */,
			);
			runOnlyForDeploymentPostprocessing = 0;
		};
/* End PBXSourcesBuildPhase section */

/* Begin XCBuildConfiguration section */
		7004B0FB530E425ABF205CB9 /* Debug */ = {
			isa = XCBuildConfiguration;
			buildSettings = {
				ALWAYS_SEARCH_USER_PATHS = NO;
				ASSETCATALOG_COMPILER_APPICON_NAME = AppIcon;
				ASSETCATALOG_COMPILER_GLOBAL_ACCENT_COLOR_NAME = AccentColor;
				CLANG_ANALYZER_NONNULL = YES;
				CLANG_ANALYZER_NUMBER_OBJECT_CONVERSION = YES_AGGRESSIVE;
				CLANG_CXX_LANGUAGE_STANDARD = "gnu++20";
				CLANG_ENABLE_MODULES = YES;
				CLANG_ENABLE_OBJC_ARC = YES;
				CLANG_ENABLE_OBJC_WEAK = YES;
				CLANG_WARN_BLOCK_CAPTURE_AUTORELEASING = YES;
				CLANG_WARN_BOOL_CONVERSION = YES;
				CLANG_WARN_COMMA = YES;
				CLANG_WARN_CONSTANT_CONVERSION = YES;
				CLANG_WARN_DEPRECATED_OBJC_IMPLEMENTATIONS = YES;
				CLANG_WARN_DIRECT_OBJC_ISA_USAGE = YES_ERROR;
				CLANG_WARN_DOCUMENTATION_COMMENTS = YES;
				CLANG_WARN_EMPTY_BODY = YES;
				CLANG_WARN_ENUM_CONVERSION = YES;
				CLANG_WARN_INFINITE_RECURSION = YES;
				CLANG_WARN_INT_CONVERSION = YES;
				CLANG_WARN_NON_LITERAL_NULL_CONVERSION = YES;
				CLANG_WARN_OBJC_IMPLICIT_RETAIN_SELF = YES;
				CLANG_WARN_OBJC_LITERAL_CONVERSION = YES;
				CLANG_WARN_OBJC_ROOT_CLASS = YES_ERROR;
				CLANG_WARN_QUOTED_INCLUDE_IN_FRAMEWORK_HEADER = YES;
				CLANG_WARN_RANGE_LOOP_ANALYSIS = YES;
				CLANG_WARN_STRICT_PROTOTYPES = YES;
				CLANG_WARN_SUSPICIOUS_MOVE = YES;
				CLANG_WARN_UNGUARDED_AVAILABILITY = YES_AGGRESSIVE;
				CLANG_WARN_UNREACHABLE_CODE = YES;
				CLANG_WARN__DUPLICATE_METHOD_MATCH = YES;
				COPY_PHASE_STRIP = NO;
				DEBUG_INFORMATION_FORMAT = dwarf;
				ENABLE_STRICT_OBJC_MSGSEND = YES;
				ENABLE_TESTABILITY = YES;
				GCC_C_LANGUAGE_STANDARD = gnu17;
				GCC_DYNAMIC_NO_PIC = NO;
				GCC_NO_COMMON_BLOCKS = YES;
				GCC_OPTIMIZATION_LEVEL = 0;
				GCC_PREPROCESSOR_DEFINITIONS = (
					"DEBUG=1",
					"$(inherited)",
				);
				GCC_WARN_64_TO_32_BIT_CONVERSION = YES;
				GCC_WARN_ABOUT_RETURN_TYPE = YES_ERROR;
				GCC_WARN_UNDECLARED_SELECTOR = YES;
				GCC_WARN_UNINITIALIZED_AUTOS = YES_AGGRESSIVE;
				GCC_WARN_UNUSED_FUNCTION = YES;
				GCC_WARN_UNUSED_VARIABLE = YES;
				IPHONEOS_DEPLOYMENT_TARGET = 15.0;
				MTL_ENABLE_DEBUG_INFO = INCLUDE_SOURCE;
				MTL_FAST_MATH = YES;
				ONLY_ACTIVE_ARCH = YES;
				SDKROOT = iphoneos;
				SWIFT_ACTIVE_COMPILATION_CONDITIONS = DEBUG;
				SWIFT_OPTIMIZATION_LEVEL = "-Onone";
			};
			name = Debug;
		};
		D8B187FB1F67460C9501A762 /* Release */ = {
			isa = XCBuildConfiguration;
			buildSettings = {
				ALWAYS_SEARCH_USER_PATHS = NO;
				ASSETCATALOG_COMPILER_APPICON_NAME = AppIcon;
				ASSETCATALOG_COMPILER_GLOBAL_ACCENT_COLOR_NAME = AccentColor;
				CLANG_ANALYZER_NONNULL = YES;
				CLANG_ANALYZER_NUMBER_OBJECT_CONVERSION = YES_AGGRESSIVE;
				CLANG_CXX_LANGUAGE_STANDARD = "gnu++20";
				CLANG_ENABLE_MODULES = YES;
				CLANG_ENABLE_OBJC_ARC = YES;
				CLANG_ENABLE_OBJC_WEAK = YES;
				CLANG_WARN_BLOCK_CAPTURE_AUTORELEASING = YES;
				CLANG_WARN_BOOL_CONVERSION = YES;
				CLANG_WARN_COMMA = YES;
				CLANG_WARN_CONSTANT_CONVERSION = YES;
				CLANG_WARN_DEPRECATED_OBJC_IMPLEMENTATIONS = YES;
				CLANG_WARN_DIRECT_OBJC_ISA_USAGE = YES_ERROR;
				CLANG_WARN_DOCUMENTATION_COMMENTS = YES;
				CLANG_WARN_EMPTY_BODY = YES;
				CLANG_WARN_ENUM_CONVERSION = YES;
				CLANG_WARN_INFINITE_RECURSION = YES;
				CLANG_WARN_INT_CONVERSION = YES;
				CLANG_WARN_NON_LITERAL_NULL_CONVERSION = YES;
				CLANG_WARN_OBJC_IMPLICIT_RETAIN_SELF = YES;
				CLANG_WARN_OBJC_LITERAL_CONVERSION = YES;
				CLANG_WARN_OBJC_ROOT_CLASS = YES_ERROR;
				CLANG_WARN_QUOTED_INCLUDE_IN_FRAMEWORK_HEADER = YES;
				CLANG_WARN_RANGE_LOOP_ANALYSIS = YES;
				CLANG_WARN_STRICT_PROTOTYPES = YES;
				CLANG_WARN_SUSPICIOUS_MOVE = YES;
				CLANG_WARN_UNGUARDED_AVAILABILITY = YES_AGGRESSIVE;
				CLANG_WARN_UNREACHABLE_CODE = YES;
				CLANG_WARN__DUPLICATE_METHOD_MATCH = YES;
				COPY_PHASE_STRIP = NO;
				DEBUG_INFORMATION_FORMAT = "dwarf-with-dsym";
				ENABLE_NS_ASSERTIONS = NO;
				ENABLE_STRICT_OBJC_MSGSEND = YES;
				GCC_C_LANGUAGE_STANDARD = gnu17;
				GCC_NO_COMMON_BLOCKS = YES;
				GCC_WARN_64_TO_32_BIT_CONVERSION = YES;
				GCC_WARN_ABOUT_RETURN_TYPE = YES_ERROR;
				GCC_WARN_UNDECLARED_SELECTOR = YES;
				GCC_WARN_UNINITIALIZED_AUTOS = YES_AGGRESSIVE;
				GCC_WARN_UNUSED_FUNCTION = YES;
				GCC_WARN_UNUSED_VARIABLE = YES;
				IPHONEOS_DEPLOYMENT_TARGET = 15.0;
				MTL_ENABLE_DEBUG_INFO = NO;
				MTL_FAST_MATH = YES;
				SDKROOT = iphoneos;
				SWIFT_COMPILATION_MODE = wholemodule;
				SWIFT_OPTIMIZATION_LEVEL = "-O";
				VALIDATE_PRODUCT = YES;
			};
			name = Release;
		};
		C11F5669B87047DCA26055C3 /* Debug */ = {
			isa = XCBuildConfiguration;
			buildSettings = {
				ASSETCATALOG_COMPILER_APPICON_NAME = AppIcon;
				ASSETCATALOG_COMPILER_GLOBAL_ACCENT_COLOR_NAME = AccentColor;
				CODE_SIGN_STYLE = Automatic;
				CURRENT_PROJECT_VERSION = 1;
				DEVELOPMENT_TEAM = "";
				GENERATE_INFOPLIST_FILE = NO;
				INFOPLIST_FILE = Info.plist;
				INFOPLIST_KEY_UIApplicationSceneManifest_Generation = YES;
				INFOPLIST_KEY_UIApplicationSupportsIndirectInputEvents = YES;
				INFOPLIST_KEY_UILaunchScreen_Generation = YES;
				INFOPLIST_KEY_UISupportedInterfaceOrientations_iPad = "UIInterfaceOrientationPortrait UIInterfaceOrientationPortraitUpsideDown UIInterfaceOrientationLandscapeLeft UIInterfaceOrientationLandscapeRight";
				INFOPLIST_KEY_UISupportedInterfaceOrientations_iPhone = "UIInterfaceOrientationPortrait UIInterfaceOrientationLandscapeLeft UIInterfaceOrientationLandscapeRight";
				IPHONEOS_DEPLOYMENT_TARGET = 15.0;
				LD_RUNPATH_SEARCH_PATHS = (
					"$(inherited)",
					"@executable_path/Frameworks",
				);
				MARKETING_VERSION = 1.0;
				PRODUCT_BUNDLE_IDENTIFIER = com.truai.app;
				PRODUCT_NAME = "$(TARGET_NAME)";
				SDKROOT = iphoneos;
				SWIFT_EMIT_LOC_STRINGS = YES;
				SWIFT_VERSION = 5.7;
				TARGETED_DEVICE_FAMILY = "1,2";
			};
			name = Debug;
		};
		56F30D8FBEC14F2195F39BB2 /* Release */ = {
			isa = XCBuildConfiguration;
			buildSettings = {
				ASSETCATALOG_COMPILER_APPICON_NAME = AppIcon;
				ASSETCATALOG_COMPILER_GLOBAL_ACCENT_COLOR_NAME = AccentColor;
				CODE_SIGN_STYLE = Automatic;
				CURRENT_PROJECT_VERSION = 1;
				DEVELOPMENT_TEAM = "";
				GENERATE_INFOPLIST_FILE = NO;
				INFOPLIST_FILE = Info.plist;
				INFOPLIST_KEY_UIApplicationSceneManifest_Generation = YES;
				INFOPLIST_KEY_UIApplicationSupportsIndirectInputEvents = YES;
				INFOPLIST_KEY_UILaunchScreen_Generation = YES;
				INFOPLIST_KEY_UISupportedInterfaceOrientations_iPad = "UIInterfaceOrientationPortrait UIInterfaceOrientationPortraitUpsideDown UIInterfaceOrientationLandscapeLeft UIInterfaceOrientationLandscapeRight";
				INFOPLIST_KEY_UISupportedInterfaceOrientations_iPhone = "UIInterfaceOrientationPortrait UIInterfaceOrientationLandscapeLeft UIInterfaceOrientationLandscapeRight";
				IPHONEOS_DEPLOYMENT_TARGET = 15.0;
				LD_RUNPATH_SEARCH_PATHS = (
					"$(inherited)",
					"@executable_path/Frameworks",
				);
				MARKETING_VERSION = 1.0;
				PRODUCT_BUNDLE_IDENTIFIER = com.truai.app;
				PRODUCT_NAME = "$(TARGET_NAME)";
				SDKROOT = iphoneos;
				SWIFT_EMIT_LOC_STRINGS = YES;
				SWIFT_VERSION = 5.7;
				TARGETED_DEVICE_FAMILY = "1,2";
			};
			name = Release;
		};
/* End XCBuildConfiguration section */

/* Begin XCConfigurationList section */
		FC11AFE6CA484725A124EF68 /* Build configuration list for PBXNativeTarget "TruAi" */ = {
			isa = XCConfigurationList;
			buildConfigurations = (
				C11F5669B87047DCA26055C3 /* Debug */,
				56F30D8FBEC14F2195F39BB2 /* Release */,
			);
			defaultConfigurationIsVisible = 0;
			defaultConfigurationName = Release;
		};
		45E350DE3F624D9E80C9CE2C /* Build configuration list for PBXProject "TruAi" */ = {
			isa = XCConfigurationList;
			buildConfigurations = (
				7004B0FB530E425ABF205CB9 /* Debug */,
				D8B187FB1F67460C9501A762 /* Release */,
			);
			defaultConfigurationIsVisible = 0;
			defaultConfigurationName = Release;
		};
/* End XCConfigurationList section */
	};
	rootObject = C76143EB62D840058DDA42D6 /* Project object */;
}
